
Microsoft Visual Studio Solution File, Format Version 10.00
# Visual Studio 2008
Project("{8BC9CEB8-8B4A-11D0-8D11-00A0C91BC942}") = "lua-wow", "Lua\Lua.vcproj", "{6A9AEE1C-ADA6-43FE-B066-46DB3FC133E5}"
EndProject
Project("{8BC9CEB8-8B4A-11D0-8D11-00A0C91BC942}") = "luac-wow", "Luac\Luac.vcproj", "{1BFE5A7C-DD64-409B-8002-BEFF18CCA179}"
EndProject
Global
	GlobalSection(SolutionConfigurationPlatforms) = preSolution
		Debug|Win32 = Debug|Win32
		Release|Win32 = Release|Win32
	EndGlobalSection
	GlobalSection(ProjectConfigurationPlatforms) = postSolution
		{6A9AEE1C-ADA6-43FE-B066-46DB3FC133E5}.Debug|Win32.ActiveCfg = Debug|Win32
		{6A9AEE1C-ADA6-43FE-B066-46DB3FC133E5}.Debug|Win32.Build.0 = Debug|Win32
		{6A9AEE1C-ADA6-43FE-B066-46DB3FC133E5}.Release|Win32.ActiveCfg = Release|Win32
		{6A9AEE1C-ADA6-43FE-B066-46DB3FC133E5}.Release|Win32.Build.0 = Release|Win32
		{1BFE5A7C-DD64-409B-8002-BEFF18CCA179}.Debug|Win32.ActiveCfg = Debug|Win32
		{1BFE5A7C-DD64-409B-8002-BEFF18CCA179}.Debug|Win32.Build.0 = Debug|Win32
		{1BFE5A7C-DD64-409B-8002-BEFF18CCA179}.Release|Win32.ActiveCfg = Release|Win32
		{1BFE5A7C-DD64-409B-8002-BEFF18CCA179}.Release|Win32.Build.0 = Release|Win32
	EndGlobalSection
	GlobalSection(SolutionProperties) = preSolution
		HideSolutionNode = FALSE
	EndGlobalSection
EndGlobal
